
Microsoft Visual Studio Solution File, Format Version 12.00
# Visual Studio Version 17
VisualStudioVersion = 17.8.34316.72
MinimumVisualStudioVersion = 10.0.40219.1
Project("{FAE04EC0-301F-11D3-BF4B-00C04F79EFBC}") = "Api_DragonBall_Z", "Api_DragonBall_Z\Api_DragonBall_Z.csproj", "{7A070DF0-CD6F-4BCD-A3EC-CAC6C70829B0}"
EndProject
Global
	GlobalSection(SolutionConfigurationPlatforms) = preSolution
		Debug|Any CPU = Debug|Any CPU
		Release|Any CPU = Release|Any CPU
	EndGlobalSection
	GlobalSection(ProjectConfigurationPlatforms) = postSolution
		{7A070DF0-CD6F-4BCD-A3EC-CAC6C70829B0}.Debug|Any CPU.ActiveCfg = Debug|Any CPU
		{7A070DF0-CD6F-4BCD-A3EC-CAC6C70829B0}.Debug|Any CPU.Build.0 = Debug|Any CPU
		{7A070DF0-CD6F-4BCD-A3EC-CAC6C70829B0}.Release|Any CPU.ActiveCfg = Release|Any CPU
		{7A070DF0-CD6F-4BCD-A3EC-CAC6C70829B0}.Release|Any CPU.Build.0 = Release|Any CPU
	EndGlobalSection
	GlobalSection(SolutionProperties) = preSolution
		HideSolutionNode = FALSE
	EndGlobalSection
	GlobalSection(ExtensibilityGlobals) = postSolution
		SolutionGuid = {6C827A88-4C30-4A1C-8ED8-4D56E9C42191}
	EndGlobalSection
EndGlobal
